
Microsoft Visual Studio Solution File, Format Version 12.00
# Visual Studio Version 17
VisualStudioVersion = 17.2.32516.85
MinimumVisualStudioVersion = 10.0.40219.1
Project("{FAE04EC0-301F-11D3-BF4B-00C04F79EFBC}") = "wcfLoginService", "wcfLoginService\wcfLoginService.csproj", "{1CBC0B32-2857-450D-9CE2-FCF8026854E2}"
EndProject
Project("{FAE04EC0-301F-11D3-BF4B-00C04F79EFBC}") = "loginServiceClient", "loginServiceClient\loginServiceClient.csproj", "{460B1607-2D14-4211-8F59-284D4E86FAB9}"
	ProjectSection(ProjectDependencies) = postProject
		{1CBC0B32-2857-450D-9CE2-FCF8026854E2} = {1CBC0B32-2857-450D-9CE2-FCF8026854E2}
	EndProjectSection
EndProject
Global
	GlobalSection(SolutionConfigurationPlatforms) = preSolution
		Debug|Any CPU = Debug|Any CPU
		Release|Any CPU = Release|Any CPU
	EndGlobalSection
	GlobalSection(ProjectConfigurationPlatforms) = postSolution
		{1CBC0B32-2857-450D-9CE2-FCF8026854E2}.Debug|Any CPU.ActiveCfg = Debug|Any CPU
		{1CBC0B32-2857-450D-9CE2-FCF8026854E2}.Debug|Any CPU.Build.0 = Debug|Any CPU
		{1CBC0B32-2857-450D-9CE2-FCF8026854E2}.Release|Any CPU.ActiveCfg = Release|Any CPU
		{1CBC0B32-2857-450D-9CE2-FCF8026854E2}.Release|Any CPU.Build.0 = Release|Any CPU
		{460B1607-2D14-4211-8F59-284D4E86FAB9}.Debug|Any CPU.ActiveCfg = Debug|Any CPU
		{460B1607-2D14-4211-8F59-284D4E86FAB9}.Debug|Any CPU.Build.0 = Debug|Any CPU
		{460B1607-2D14-4211-8F59-284D4E86FAB9}.Release|Any CPU.ActiveCfg = Release|Any CPU
		{460B1607-2D14-4211-8F59-284D4E86FAB9}.Release|Any CPU.Build.0 = Release|Any CPU
	EndGlobalSection
	GlobalSection(SolutionProperties) = preSolution
		HideSolutionNode = FALSE
	EndGlobalSection
	GlobalSection(ExtensibilityGlobals) = postSolution
		SolutionGuid = {982F27D4-04E1-45C7-BAEC-F5F8D2F3D3E8}
	EndGlobalSection
EndGlobal
